
Microsoft Visual Studio Solution File, Format Version 12.00
# Visual Studio Version 17
VisualStudioVersion = 17.14.35821.62
MinimumVisualStudioVersion = 10.0.40219.1
Project("{FAE04EC0-301F-11D3-BF4B-00C04F79EFBC}") = "WaveFunctionCollapse", "WaveFunctionCollapse\WaveFunctionCollapse.csproj", "{9B148187-62D8-4476-9752-E109E1088B39}"
EndProject
Project("{FAE04EC0-301F-11D3-BF4B-00C04F79EFBC}") = "WFC-Tests", "WFC-Tests\WFC-Tests.csproj", "{CF8EFAC9-3A9F-32F3-349A-A0E0F593E4BC}"
EndProject
Global
	GlobalSection(SolutionConfigurationPlatforms) = preSolution
		Debug|Any CPU = Debug|Any CPU
		Release|Any CPU = Release|Any CPU
	EndGlobalSection
	GlobalSection(ProjectConfigurationPlatforms) = postSolution
		{9B148187-62D8-4476-9752-E109E1088B39}.Debug|Any CPU.ActiveCfg = Debug|Any CPU
		{9B148187-62D8-4476-9752-E109E1088B39}.Debug|Any CPU.Build.0 = Debug|Any CPU
		{9B148187-62D8-4476-9752-E109E1088B39}.Release|Any CPU.ActiveCfg = Release|Any CPU
		{9B148187-62D8-4476-9752-E109E1088B39}.Release|Any CPU.Build.0 = Release|Any CPU
		{CF8EFAC9-3A9F-32F3-349A-A0E0F593E4BC}.Debug|Any CPU.ActiveCfg = Debug|Any CPU
		{CF8EFAC9-3A9F-32F3-349A-A0E0F593E4BC}.Debug|Any CPU.Build.0 = Debug|Any CPU
		{CF8EFAC9-3A9F-32F3-349A-A0E0F593E4BC}.Release|Any CPU.ActiveCfg = Release|Any CPU
		{CF8EFAC9-3A9F-32F3-349A-A0E0F593E4BC}.Release|Any CPU.Build.0 = Release|Any CPU
	EndGlobalSection
	GlobalSection(SolutionProperties) = preSolution
		HideSolutionNode = FALSE
	EndGlobalSection
	GlobalSection(ExtensibilityGlobals) = postSolution
		SolutionGuid = {BB1076E3-BAC4-487D-8773-1D35AFD4D953}
	EndGlobalSection
EndGlobal
